{
  "requires": true,
  "lockfileVersion": 1,
  "dependencies": {
    "openzeppelin-solidity": {
      "version": "2.4.0",
      "resolved": "https://registry.npmjs.org/openzeppelin-solidity/-/openzeppelin-solidity-2.4.0.tgz",
      "integrity": "sha512-533gc5jkspxW5YT0qJo02Za5q1LHwXK9CJCc48jNj/22ncNM/3M/3JfWLqfpB90uqLwOKOovpl0JfaMQTR+gXQ=="
    },
    "solidity-test-utils": {
      "version": "1.0.0",
      "resolved": "https://registry.npmjs.org/solidity-test-utils/-/solidity-test-utils-1.0.0.tgz",
      "integrity": "sha512-125/CB2L1M0dEBLQABLiy6FgatRvE8ga8lU1OF+6yap+FbViVMjLP7mQRUxQQete9XOhlQX484HGJ6ioUF0+HA=="
    }
  }
}
